
Microsoft Visual Studio Solution File, Format Version 11.00
# Visual Studio 2010
Project("{8BC9CEB8-8B4A-11D0-8D11-00A0C91BC942}") = "Injection_VS2010", "Injection\Injection_VS2010.vcxproj", "{C25DEB60-97F0-469F-ADDE-A69F8D96815C}"
	ProjectSection(ProjectDependencies) = postProject
		{D087E484-DBC9-4A2E-8368-C1D0E524994D} = {D087E484-DBC9-4A2E-8368-C1D0E524994D}
		{87EE9DA4-DE1E-4448-8324-183C98DCA588} = {87EE9DA4-DE1E-4448-8324-183C98DCA588}
	EndProjectSection
EndProject
Project("{FAE04EC0-301F-11D3-BF4B-00C04F79EFBC}") = "Test_DotNet20_VS2010", "Demo\DotNet20\Test_DotNet20_VS2010.csproj", "{6783DD47-B69D-4B6E-AB2F-1986CC20D598}"
EndProject
Project("{FAE04EC0-301F-11D3-BF4B-00C04F79EFBC}") = "Test_DotNet35_VS2010", "Demo\DotNet35\Test_DotNet35_VS2010.csproj", "{001E7AD1-1DB7-4267-ABE6-37EE984656E2}"
EndProject
Project("{FAE04EC0-301F-11D3-BF4B-00C04F79EFBC}") = "Test_DotNet40_VS2010", "Demo\DotNet40\Test_DotNet40_VS2010.csproj", "{56AF08D4-EBBC-4F32-B47D-4FC87E091AF7}"
EndProject
Project("{FAE04EC0-301F-11D3-BF4B-00C04F79EFBC}") = "Test_DotNet20_x64_VS2010", "Demo\DotNet20_x64\Test_DotNet20_x64_VS2010.csproj", "{13D422DC-9F8D-457B-831D-AD0846B02F9F}"
EndProject
Project("{FAE04EC0-301F-11D3-BF4B-00C04F79EFBC}") = "Test_DotNet35_x64_VS2010", "Demo\DotNet35_x64\Test_DotNet35_x64_VS2010.csproj", "{7A5130C6-1441-45C8-AA7E-58D523E5AD12}"
EndProject
Project("{FAE04EC0-301F-11D3-BF4B-00C04F79EFBC}") = "Test_DotNet40_x64_VS2010", "Demo\DotNet40_x64\Test_DotNet40_x64_VS2010.csproj", "{ECF1FA2D-5DF6-45A5-B143-A4415EAA2B8C}"
EndProject
Project("{2150E333-8FDC-42A3-9474-1A3956D46DE8}") = "Dependencies", "Dependencies", "{BFAB23C0-00B3-461F-B4BF-07C592BF39C9}"
EndProject
Project("{8BC9CEB8-8B4A-11D0-8D11-00A0C91BC942}") = "libcurl", "curl-7.34.0\vs\vc8\lib\vc8libcurl.vcxproj", "{87EE9DA4-DE1E-4448-8324-183C98DCA588}"
EndProject
Project("{8BC9CEB8-8B4A-11D0-8D11-00A0C91BC942}") = "EasyHookLib", "EasyHookLib\EasyHookLib.vcxproj", "{D087E484-DBC9-4A2E-8368-C1D0E524994D}"
EndProject
Global
	GlobalSection(SolutionConfigurationPlatforms) = preSolution
		Debug - X64|Mixed Platforms = Debug - X64|Mixed Platforms
		Debug - X64|Win32 = Debug - X64|Win32
		Debug - X64|x64 = Debug - X64|x64
		Debug - X86|Mixed Platforms = Debug - X86|Mixed Platforms
		Debug - X86|Win32 = Debug - X86|Win32
		Debug - X86|x64 = Debug - X86|x64
		Release - X64|Mixed Platforms = Release - X64|Mixed Platforms
		Release - X64|Win32 = Release - X64|Win32
		Release - X64|x64 = Release - X64|x64
		Release - X86|Mixed Platforms = Release - X86|Mixed Platforms
		Release - X86|Win32 = Release - X86|Win32
		Release - X86|x64 = Release - X86|x64
	EndGlobalSection
	GlobalSection(ProjectConfigurationPlatforms) = postSolution
		{C25DEB60-97F0-469F-ADDE-A69F8D96815C}.Debug - X64|Mixed Platforms.ActiveCfg = Debug - X64|x64
		{C25DEB60-97F0-469F-ADDE-A69F8D96815C}.Debug - X64|Mixed Platforms.Build.0 = Debug - X64|x64
		{C25DEB60-97F0-469F-ADDE-A69F8D96815C}.Debug - X64|Win32.ActiveCfg = Debug - X64|Win32
		{C25DEB60-97F0-469F-ADDE-A69F8D96815C}.Debug - X64|Win32.Build.0 = Debug - X64|Win32
		{C25DEB60-97F0-469F-ADDE-A69F8D96815C}.Debug - X64|x64.ActiveCfg = Debug - X64|x64
		{C25DEB60-97F0-469F-ADDE-A69F8D96815C}.Debug - X64|x64.Build.0 = Debug - X64|x64
		{C25DEB60-97F0-469F-ADDE-A69F8D96815C}.Debug - X86|Mixed Platforms.ActiveCfg = Debug|Win32
		{C25DEB60-97F0-469F-ADDE-A69F8D96815C}.Debug - X86|Mixed Platforms.Build.0 = Debug|Win32
		{C25DEB60-97F0-469F-ADDE-A69F8D96815C}.Debug - X86|Win32.ActiveCfg = Debug - X64|x64
		{C25DEB60-97F0-469F-ADDE-A69F8D96815C}.Debug - X86|x64.ActiveCfg = Debug - X64|x64
		{C25DEB60-97F0-469F-ADDE-A69F8D96815C}.Debug - X86|x64.Build.0 = Debug - X64|x64
		{C25DEB60-97F0-469F-ADDE-A69F8D96815C}.Release - X64|Mixed Platforms.ActiveCfg = Release - X64|x64
		{C25DEB60-97F0-469F-ADDE-A69F8D96815C}.Release - X64|Mixed Platforms.Build.0 = Release - X64|x64
		{C25DEB60-97F0-469F-ADDE-A69F8D96815C}.Release - X64|Win32.ActiveCfg = Release - X64|Win32
		{C25DEB60-97F0-469F-ADDE-A69F8D96815C}.Release - X64|Win32.Build.0 = Release - X64|Win32
		{C25DEB60-97F0-469F-ADDE-A69F8D96815C}.Release - X64|x64.ActiveCfg = Release - X64|x64
		{C25DEB60-97F0-469F-ADDE-A69F8D96815C}.Release - X64|x64.Build.0 = Release - X64|x64
		{C25DEB60-97F0-469F-ADDE-A69F8D96815C}.Release - X86|Mixed Platforms.ActiveCfg = Release|Win32
		{C25DEB60-97F0-469F-ADDE-A69F8D96815C}.Release - X86|Mixed Platforms.Build.0 = Release|Win32
		{C25DEB60-97F0-469F-ADDE-A69F8D96815C}.Release - X86|Win32.ActiveCfg = Release - X64|x64
		{C25DEB60-97F0-469F-ADDE-A69F8D96815C}.Release - X86|x64.ActiveCfg = Release - X64|x64
		{C25DEB60-97F0-469F-ADDE-A69F8D96815C}.Release - X86|x64.Build.0 = Release - X64|x64
		{6783DD47-B69D-4B6E-AB2F-1986CC20D598}.Debug - X64|Mixed Platforms.ActiveCfg = Release|x86
		{6783DD47-B69D-4B6E-AB2F-1986CC20D598}.Debug - X64|Mixed Platforms.Build.0 = Release|x86
		{6783DD47-B69D-4B6E-AB2F-1986CC20D598}.Debug - X64|Win32.ActiveCfg = Release|x64
		{6783DD47-B69D-4B6E-AB2F-1986CC20D598}.Debug - X64|x64.ActiveCfg = Release|x64
		{6783DD47-B69D-4B6E-AB2F-1986CC20D598}.Debug - X64|x64.Build.0 = Release|x64
		{6783DD47-B69D-4B6E-AB2F-1986CC20D598}.Debug - X86|Mixed Platforms.ActiveCfg = Release|x86
		{6783DD47-B69D-4B6E-AB2F-1986CC20D598}.Debug - X86|Mixed Platforms.Build.0 = Release|x86
		{6783DD47-B69D-4B6E-AB2F-1986CC20D598}.Debug - X86|Win32.ActiveCfg = Release|x64
		{6783DD47-B69D-4B6E-AB2F-1986CC20D598}.Debug - X86|x64.ActiveCfg = Release|x64
		{6783DD47-B69D-4B6E-AB2F-1986CC20D598}.Debug - X86|x64.Build.0 = Release|x64
		{6783DD47-B69D-4B6E-AB2F-1986CC20D598}.Release - X64|Mixed Platforms.ActiveCfg = Release|x64
		{6783DD47-B69D-4B6E-AB2F-1986CC20D598}.Release - X64|Mixed Platforms.Build.0 = Release|x64
		{6783DD47-B69D-4B6E-AB2F-1986CC20D598}.Release - X64|Win32.ActiveCfg = Release|x64
		{6783DD47-B69D-4B6E-AB2F-1986CC20D598}.Release - X64|x64.ActiveCfg = Release|x64
		{6783DD47-B69D-4B6E-AB2F-1986CC20D598}.Release - X64|x64.Build.0 = Release|x64
		{6783DD47-B69D-4B6E-AB2F-1986CC20D598}.Release - X86|Mixed Platforms.ActiveCfg = Release|x86
		{6783DD47-B69D-4B6E-AB2F-1986CC20D598}.Release - X86|Mixed Platforms.Build.0 = Release|x86
		{6783DD47-B69D-4B6E-AB2F-1986CC20D598}.Release - X86|Win32.ActiveCfg = Release|x64
		{6783DD47-B69D-4B6E-AB2F-1986CC20D598}.Release - X86|x64.ActiveCfg = Release|x64
		{6783DD47-B69D-4B6E-AB2F-1986CC20D598}.Release - X86|x64.Build.0 = Release|x64
		{001E7AD1-1DB7-4267-ABE6-37EE984656E2}.Debug - X64|Mixed Platforms.ActiveCfg = Release|x64
		{001E7AD1-1DB7-4267-ABE6-37EE984656E2}.Debug - X64|Mixed Platforms.Build.0 = Release|x64
		{001E7AD1-1DB7-4267-ABE6-37EE984656E2}.Debug - X64|Win32.ActiveCfg = Release|x64
		{001E7AD1-1DB7-4267-ABE6-37EE984656E2}.Debug - X64|x64.ActiveCfg = Release|x64
		{001E7AD1-1DB7-4267-ABE6-37EE984656E2}.Debug - X64|x64.Build.0 = Release|x64
		{001E7AD1-1DB7-4267-ABE6-37EE984656E2}.Debug - X86|Mixed Platforms.ActiveCfg = Release|x86
		{001E7AD1-1DB7-4267-ABE6-37EE984656E2}.Debug - X86|Mixed Platforms.Build.0 = Release|x86
		{001E7AD1-1DB7-4267-ABE6-37EE984656E2}.Debug - X86|Win32.ActiveCfg = Release|x64
		{001E7AD1-1DB7-4267-ABE6-37EE984656E2}.Debug - X86|x64.ActiveCfg = Release|x64
		{001E7AD1-1DB7-4267-ABE6-37EE984656E2}.Debug - X86|x64.Build.0 = Release|x64
		{001E7AD1-1DB7-4267-ABE6-37EE984656E2}.Release - X64|Mixed Platforms.ActiveCfg = Release|x64
		{001E7AD1-1DB7-4267-ABE6-37EE984656E2}.Release - X64|Mixed Platforms.Build.0 = Release|x64
		{001E7AD1-1DB7-4267-ABE6-37EE984656E2}.Release - X64|Win32.ActiveCfg = Release|x64
		{001E7AD1-1DB7-4267-ABE6-37EE984656E2}.Release - X64|x64.ActiveCfg = Release|x64
		{001E7AD1-1DB7-4267-ABE6-37EE984656E2}.Release - X64|x64.Build.0 = Release|x64
		{001E7AD1-1DB7-4267-ABE6-37EE984656E2}.Release - X86|Mixed Platforms.ActiveCfg = Release|x86
		{001E7AD1-1DB7-4267-ABE6-37EE984656E2}.Release - X86|Mixed Platforms.Build.0 = Release|x86
		{001E7AD1-1DB7-4267-ABE6-37EE984656E2}.Release - X86|Win32.ActiveCfg = Release|x64
		{001E7AD1-1DB7-4267-ABE6-37EE984656E2}.Release - X86|x64.ActiveCfg = Release|x64
		{001E7AD1-1DB7-4267-ABE6-37EE984656E2}.Release - X86|x64.Build.0 = Release|x64
		{56AF08D4-EBBC-4F32-B47D-4FC87E091AF7}.Debug - X64|Mixed Platforms.ActiveCfg = Release|x64
		{56AF08D4-EBBC-4F32-B47D-4FC87E091AF7}.Debug - X64|Mixed Platforms.Build.0 = Release|x64
		{56AF08D4-EBBC-4F32-B47D-4FC87E091AF7}.Debug - X64|Win32.ActiveCfg = Release|x64
		{56AF08D4-EBBC-4F32-B47D-4FC87E091AF7}.Debug - X64|x64.ActiveCfg = Release|x64
		{56AF08D4-EBBC-4F32-B47D-4FC87E091AF7}.Debug - X64|x64.Build.0 = Release|x64
		{56AF08D4-EBBC-4F32-B47D-4FC87E091AF7}.Debug - X86|Mixed Platforms.ActiveCfg = Release|x86
		{56AF08D4-EBBC-4F32-B47D-4FC87E091AF7}.Debug - X86|Mixed Platforms.Build.0 = Release|x86
		{56AF08D4-EBBC-4F32-B47D-4FC87E091AF7}.Debug - X86|Win32.ActiveCfg = Release|x64
		{56AF08D4-EBBC-4F32-B47D-4FC87E091AF7}.Debug - X86|x64.ActiveCfg = Release|x64
		{56AF08D4-EBBC-4F32-B47D-4FC87E091AF7}.Debug - X86|x64.Build.0 = Release|x64
		{56AF08D4-EBBC-4F32-B47D-4FC87E091AF7}.Release - X64|Mixed Platforms.ActiveCfg = Release|x64
		{56AF08D4-EBBC-4F32-B47D-4FC87E091AF7}.Release - X64|Mixed Platforms.Build.0 = Release|x64
		{56AF08D4-EBBC-4F32-B47D-4FC87E091AF7}.Release - X64|Win32.ActiveCfg = Release|x64
		{56AF08D4-EBBC-4F32-B47D-4FC87E091AF7}.Release - X64|x64.ActiveCfg = Release|x64
		{56AF08D4-EBBC-4F32-B47D-4FC87E091AF7}.Release - X64|x64.Build.0 = Release|x64
		{56AF08D4-EBBC-4F32-B47D-4FC87E091AF7}.Release - X86|Mixed Platforms.ActiveCfg = Release|x86
		{56AF08D4-EBBC-4F32-B47D-4FC87E091AF7}.Release - X86|Mixed Platforms.Build.0 = Release|x86
		{56AF08D4-EBBC-4F32-B47D-4FC87E091AF7}.Release - X86|Win32.ActiveCfg = Release|x64
		{56AF08D4-EBBC-4F32-B47D-4FC87E091AF7}.Release - X86|x64.ActiveCfg = Release|x64
		{56AF08D4-EBBC-4F32-B47D-4FC87E091AF7}.Release - X86|x64.Build.0 = Release|x64
		{13D422DC-9F8D-457B-831D-AD0846B02F9F}.Debug - X64|Mixed Platforms.ActiveCfg = Release|x64
		{13D422DC-9F8D-457B-831D-AD0846B02F9F}.Debug - X64|Mixed Platforms.Build.0 = Release|x64
		{13D422DC-9F8D-457B-831D-AD0846B02F9F}.Debug - X64|Win32.ActiveCfg = Release|x64
		{13D422DC-9F8D-457B-831D-AD0846B02F9F}.Debug - X64|x64.ActiveCfg = Release|x64
		{13D422DC-9F8D-457B-831D-AD0846B02F9F}.Debug - X64|x64.Build.0 = Release|x64
		{13D422DC-9F8D-457B-831D-AD0846B02F9F}.Debug - X86|Mixed Platforms.ActiveCfg = Release|x64
		{13D422DC-9F8D-457B-831D-AD0846B02F9F}.Debug - X86|Mixed Platforms.Build.0 = Release|x64
		{13D422DC-9F8D-457B-831D-AD0846B02F9F}.Debug - X86|Win32.ActiveCfg = Release|x64
		{13D422DC-9F8D-457B-831D-AD0846B02F9F}.Debug - X86|x64.ActiveCfg = Release|x64
		{13D422DC-9F8D-457B-831D-AD0846B02F9F}.Debug - X86|x64.Build.0 = Release|x64
		{13D422DC-9F8D-457B-831D-AD0846B02F9F}.Release - X64|Mixed Platforms.ActiveCfg = Release|x64
		{13D422DC-9F8D-457B-831D-AD0846B02F9F}.Release - X64|Mixed Platforms.Build.0 = Release|x64
		{13D422DC-9F8D-457B-831D-AD0846B02F9F}.Release - X64|Win32.ActiveCfg = Release|x64
		{13D422DC-9F8D-457B-831D-AD0846B02F9F}.Release - X64|x64.ActiveCfg = Release|x64
		{13D422DC-9F8D-457B-831D-AD0846B02F9F}.Release - X64|x64.Build.0 = Release|x64
		{13D422DC-9F8D-457B-831D-AD0846B02F9F}.Release - X86|Mixed Platforms.ActiveCfg = Release|x64
		{13D422DC-9F8D-457B-831D-AD0846B02F9F}.Release - X86|Mixed Platforms.Build.0 = Release|x64
		{13D422DC-9F8D-457B-831D-AD0846B02F9F}.Release - X86|Win32.ActiveCfg = Release|x64
		{13D422DC-9F8D-457B-831D-AD0846B02F9F}.Release - X86|x64.ActiveCfg = Release|x64
		{13D422DC-9F8D-457B-831D-AD0846B02F9F}.Release - X86|x64.Build.0 = Release|x64
		{7A5130C6-1441-45C8-AA7E-58D523E5AD12}.Debug - X64|Mixed Platforms.ActiveCfg = Release|x64
		{7A5130C6-1441-45C8-AA7E-58D523E5AD12}.Debug - X64|Mixed Platforms.Build.0 = Release|x64
		{7A5130C6-1441-45C8-AA7E-58D523E5AD12}.Debug - X64|Win32.ActiveCfg = Release|x64
		{7A5130C6-1441-45C8-AA7E-58D523E5AD12}.Debug - X64|x64.ActiveCfg = Release|x64
		{7A5130C6-1441-45C8-AA7E-58D523E5AD12}.Debug - X64|x64.Build.0 = Release|x64
		{7A5130C6-1441-45C8-AA7E-58D523E5AD12}.Debug - X86|Mixed Platforms.ActiveCfg = Release|x64
		{7A5130C6-1441-45C8-AA7E-58D523E5AD12}.Debug - X86|Mixed Platforms.Build.0 = Release|x64
		{7A5130C6-1441-45C8-AA7E-58D523E5AD12}.Debug - X86|Win32.ActiveCfg = Release|x64
		{7A5130C6-1441-45C8-AA7E-58D523E5AD12}.Debug - X86|x64.ActiveCfg = Release|x64
		{7A5130C6-1441-45C8-AA7E-58D523E5AD12}.Debug - X86|x64.Build.0 = Release|x64
		{7A5130C6-1441-45C8-AA7E-58D523E5AD12}.Release - X64|Mixed Platforms.ActiveCfg = Release|x64
		{7A5130C6-1441-45C8-AA7E-58D523E5AD12}.Release - X64|Mixed Platforms.Build.0 = Release|x64
		{7A5130C6-1441-45C8-AA7E-58D523E5AD12}.Release - X64|Win32.ActiveCfg = Release|x64
		{7A5130C6-1441-45C8-AA7E-58D523E5AD12}.Release - X64|x64.ActiveCfg = Release|x64
		{7A5130C6-1441-45C8-AA7E-58D523E5AD12}.Release - X64|x64.Build.0 = Release|x64
		{7A5130C6-1441-45C8-AA7E-58D523E5AD12}.Release - X86|Mixed Platforms.ActiveCfg = Release|x64
		{7A5130C6-1441-45C8-AA7E-58D523E5AD12}.Release - X86|Mixed Platforms.Build.0 = Release|x64
		{7A5130C6-1441-45C8-AA7E-58D523E5AD12}.Release - X86|Win32.ActiveCfg = Release|x64
		{7A5130C6-1441-45C8-AA7E-58D523E5AD12}.Release - X86|x64.ActiveCfg = Release|x64
		{7A5130C6-1441-45C8-AA7E-58D523E5AD12}.Release - X86|x64.Build.0 = Release|x64
		{ECF1FA2D-5DF6-45A5-B143-A4415EAA2B8C}.Debug - X64|Mixed Platforms.ActiveCfg = Release|x64
		{ECF1FA2D-5DF6-45A5-B143-A4415EAA2B8C}.Debug - X64|Mixed Platforms.Build.0 = Release|x64
		{ECF1FA2D-5DF6-45A5-B143-A4415EAA2B8C}.Debug - X64|Win32.ActiveCfg = Release|x64
		{ECF1FA2D-5DF6-45A5-B143-A4415EAA2B8C}.Debug - X64|x64.ActiveCfg = Release|x64
		{ECF1FA2D-5DF6-45A5-B143-A4415EAA2B8C}.Debug - X64|x64.Build.0 = Release|x64
		{ECF1FA2D-5DF6-45A5-B143-A4415EAA2B8C}.Debug - X86|Mixed Platforms.ActiveCfg = Release|x64
		{ECF1FA2D-5DF6-45A5-B143-A4415EAA2B8C}.Debug - X86|Mixed Platforms.Build.0 = Release|x64
		{ECF1FA2D-5DF6-45A5-B143-A4415EAA2B8C}.Debug - X86|Win32.ActiveCfg = Release|x64
		{ECF1FA2D-5DF6-45A5-B143-A4415EAA2B8C}.Debug - X86|x64.ActiveCfg = Release|x64
		{ECF1FA2D-5DF6-45A5-B143-A4415EAA2B8C}.Debug - X86|x64.Build.0 = Release|x64
		{ECF1FA2D-5DF6-45A5-B143-A4415EAA2B8C}.Release - X64|Mixed Platforms.ActiveCfg = Release|x64
		{ECF1FA2D-5DF6-45A5-B143-A4415EAA2B8C}.Release - X64|Mixed Platforms.Build.0 = Release|x64
		{ECF1FA2D-5DF6-45A5-B143-A4415EAA2B8C}.Release - X64|Win32.ActiveCfg = Release|x64
		{ECF1FA2D-5DF6-45A5-B143-A4415EAA2B8C}.Release - X64|x64.ActiveCfg = Release|x64
		{ECF1FA2D-5DF6-45A5-B143-A4415EAA2B8C}.Release - X64|x64.Build.0 = Release|x64
		{ECF1FA2D-5DF6-45A5-B143-A4415EAA2B8C}.Release - X86|Mixed Platforms.ActiveCfg = Release|x64
		{ECF1FA2D-5DF6-45A5-B143-A4415EAA2B8C}.Release - X86|Mixed Platforms.Build.0 = Release|x64
		{ECF1FA2D-5DF6-45A5-B143-A4415EAA2B8C}.Release - X86|Win32.ActiveCfg = Release|x64
		{ECF1FA2D-5DF6-45A5-B143-A4415EAA2B8C}.Release - X86|x64.ActiveCfg = Release|x64
		{ECF1FA2D-5DF6-45A5-B143-A4415EAA2B8C}.Release - X86|x64.Build.0 = Release|x64
		{87EE9DA4-DE1E-4448-8324-183C98DCA588}.Debug - X64|Mixed Platforms.ActiveCfg = Debug|x64
		{87EE9DA4-DE1E-4448-8324-183C98DCA588}.Debug - X64|Mixed Platforms.Build.0 = Debug|x64
		{87EE9DA4-DE1E-4448-8324-183C98DCA588}.Debug - X64|Win32.ActiveCfg = Debug|x64
		{87EE9DA4-DE1E-4448-8324-183C98DCA588}.Debug - X64|x64.ActiveCfg = Debug|x64
		{87EE9DA4-DE1E-4448-8324-183C98DCA588}.Debug - X64|x64.Build.0 = Debug|x64
		{87EE9DA4-DE1E-4448-8324-183C98DCA588}.Debug - X86|Mixed Platforms.ActiveCfg = Debug|Win32
		{87EE9DA4-DE1E-4448-8324-183C98DCA588}.Debug - X86|Win32.ActiveCfg = Debug|x64
		{87EE9DA4-DE1E-4448-8324-183C98DCA588}.Debug - X86|x64.ActiveCfg = Debug|x64
		{87EE9DA4-DE1E-4448-8324-183C98DCA588}.Debug - X86|x64.Build.0 = Debug|x64
		{87EE9DA4-DE1E-4448-8324-183C98DCA588}.Release - X64|Mixed Platforms.ActiveCfg = Release|x64
		{87EE9DA4-DE1E-4448-8324-183C98DCA588}.Release - X64|Mixed Platforms.Build.0 = Release|x64
		{87EE9DA4-DE1E-4448-8324-183C98DCA588}.Release - X64|Win32.ActiveCfg = Release|x64
		{87EE9DA4-DE1E-4448-8324-183C98DCA588}.Release - X64|x64.ActiveCfg = Release|x64
		{87EE9DA4-DE1E-4448-8324-183C98DCA588}.Release - X64|x64.Build.0 = Release|x64
		{87EE9DA4-DE1E-4448-8324-183C98DCA588}.Release - X86|Mixed Platforms.ActiveCfg = Release|Win32
		{87EE9DA4-DE1E-4448-8324-183C98DCA588}.Release - X86|Mixed Platforms.Build.0 = Release|Win32
		{87EE9DA4-DE1E-4448-8324-183C98DCA588}.Release - X86|Win32.ActiveCfg = Release|x64
		{87EE9DA4-DE1E-4448-8324-183C98DCA588}.Release - X86|x64.ActiveCfg = Release|x64
		{87EE9DA4-DE1E-4448-8324-183C98DCA588}.Release - X86|x64.Build.0 = Release|x64
		{D087E484-DBC9-4A2E-8368-C1D0E524994D}.Debug - X64|Mixed Platforms.ActiveCfg = Debug|x64
		{D087E484-DBC9-4A2E-8368-C1D0E524994D}.Debug - X64|Mixed Platforms.Build.0 = Debug|x64
		{D087E484-DBC9-4A2E-8368-C1D0E524994D}.Debug - X64|Win32.ActiveCfg = Debug|x64
		{D087E484-DBC9-4A2E-8368-C1D0E524994D}.Debug - X64|x64.ActiveCfg = Debug|x64
		{D087E484-DBC9-4A2E-8368-C1D0E524994D}.Debug - X64|x64.Build.0 = Debug|x64
		{D087E484-DBC9-4A2E-8368-C1D0E524994D}.Debug - X86|Mixed Platforms.ActiveCfg = Debug|Win32
		{D087E484-DBC9-4A2E-8368-C1D0E524994D}.Debug - X86|Mixed Platforms.Build.0 = Debug|Win32
		{D087E484-DBC9-4A2E-8368-C1D0E524994D}.Debug - X86|Win32.ActiveCfg = Debug|x64
		{D087E484-DBC9-4A2E-8368-C1D0E524994D}.Debug - X86|x64.ActiveCfg = Debug|x64
		{D087E484-DBC9-4A2E-8368-C1D0E524994D}.Debug - X86|x64.Build.0 = Debug|x64
		{D087E484-DBC9-4A2E-8368-C1D0E524994D}.Release - X64|Mixed Platforms.ActiveCfg = Release|x64
		{D087E484-DBC9-4A2E-8368-C1D0E524994D}.Release - X64|Mixed Platforms.Build.0 = Release|x64
		{D087E484-DBC9-4A2E-8368-C1D0E524994D}.Release - X64|Win32.ActiveCfg = Release|x64
		{D087E484-DBC9-4A2E-8368-C1D0E524994D}.Release - X64|x64.ActiveCfg = Release|x64
		{D087E484-DBC9-4A2E-8368-C1D0E524994D}.Release - X64|x64.Build.0 = Release|x64
		{D087E484-DBC9-4A2E-8368-C1D0E524994D}.Release - X86|Mixed Platforms.ActiveCfg = Release|Win32
		{D087E484-DBC9-4A2E-8368-C1D0E524994D}.Release - X86|Mixed Platforms.Build.0 = Release|Win32
		{D087E484-DBC9-4A2E-8368-C1D0E524994D}.Release - X86|Win32.ActiveCfg = Release|x64
		{D087E484-DBC9-4A2E-8368-C1D0E524994D}.Release - X86|x64.ActiveCfg = Release|x64
		{D087E484-DBC9-4A2E-8368-C1D0E524994D}.Release - X86|x64.Build.0 = Release|x64
	EndGlobalSection
	GlobalSection(SolutionProperties) = preSolution
		HideSolutionNode = FALSE
	EndGlobalSection
	GlobalSection(NestedProjects) = preSolution
		{87EE9DA4-DE1E-4448-8324-183C98DCA588} = {BFAB23C0-00B3-461F-B4BF-07C592BF39C9}
		{D087E484-DBC9-4A2E-8368-C1D0E524994D} = {BFAB23C0-00B3-461F-B4BF-07C592BF39C9}
	EndGlobalSection
EndGlobal
